
Microsoft Visual Studio Solution File, Format Version 12.00
# Visual Studio Version 16
VisualStudioVersion = 16.0.31729.503
MinimumVisualStudioVersion = 10.0.40219.1
Project("{FAE04EC0-301F-11D3-BF4B-00C04F79EFBC}") = "Webgentle", "Webgentle\Webgentle.csproj", "{A36527CA-AFDE-4EED-A0DA-70A68A3749B0}"
EndProject
Global
	GlobalSection(SolutionConfigurationPlatforms) = preSolution
		Debug|Any CPU = Debug|Any CPU
		Release|Any CPU = Release|Any CPU
	EndGlobalSection
	GlobalSection(ProjectConfigurationPlatforms) = postSolution
		{A36527CA-AFDE-4EED-A0DA-70A68A3749B0}.Debug|Any CPU.ActiveCfg = Debug|Any CPU
		{A36527CA-AFDE-4EED-A0DA-70A68A3749B0}.Debug|Any CPU.Build.0 = Debug|Any CPU
		{A36527CA-AFDE-4EED-A0DA-70A68A3749B0}.Release|Any CPU.ActiveCfg = Release|Any CPU
		{A36527CA-AFDE-4EED-A0DA-70A68A3749B0}.Release|Any CPU.Build.0 = Release|Any CPU
	EndGlobalSection
	GlobalSection(SolutionProperties) = preSolution
		HideSolutionNode = FALSE
	EndGlobalSection
	GlobalSection(ExtensibilityGlobals) = postSolution
		SolutionGuid = {1DFAED3A-0669-44F8-98FD-9B3601A4C683}
	EndGlobalSection
EndGlobal
